
Microsoft Visual Studio Solution File, Format Version 12.00
# Visual Studio Version 16
VisualStudioVersion = 16.0.30225.117
MinimumVisualStudioVersion = 10.0.40219.1
Project("{FAE04EC0-301F-11D3-BF4B-00C04F79EFBC}") = "Quick Class Designer.UWP", "Quick Class Designer\Quick Class Designer.UWP\Quick Class Designer.UWP.csproj", "{EBA40A08-B0FD-48A4-9D21-0C563F21DCA3}"
EndProject
Project("{FAE04EC0-301F-11D3-BF4B-00C04F79EFBC}") = "Quick Class Designer.Android", "Quick Class Designer\Quick Class Designer.Android\Quick Class Designer.Android.csproj", "{1E5048E8-86D9-4F52-95F9-1837AB14EDBF}"
EndProject
Project("{FAE04EC0-301F-11D3-BF4B-00C04F79EFBC}") = "Quick Class Designer.iOS", "Quick Class Designer\Quick Class Designer.iOS\Quick Class Designer.iOS.csproj", "{55673154-A464-4562-A722-7F16014B899A}"
EndProject
Project("{9A19103F-16F7-4668-BE54-9A1E7A4F7556}") = "Quick Class Designer", "Quick Class Designer\Quick Class Designer\Quick Class Designer.csproj", "{182A1C61-9611-4B22-9CB0-BA480C2D545E}"
EndProject
Project("{FAE04EC0-301F-11D3-BF4B-00C04F79EFBC}") = "UnitTestProject", "UnitTestProject\UnitTestProject.csproj", "{A2AB841D-2E55-42DE-AE1A-CC11670DBE0C}"
EndProject
Global
	GlobalSection(SolutionConfigurationPlatforms) = preSolution
		Debug|Any CPU = Debug|Any CPU
		Debug|ARM = Debug|ARM
		Debug|iPhone = Debug|iPhone
		Debug|iPhoneSimulator = Debug|iPhoneSimulator
		Debug|x64 = Debug|x64
		Debug|x86 = Debug|x86
		Release|Any CPU = Release|Any CPU
		Release|ARM = Release|ARM
		Release|iPhone = Release|iPhone
		Release|iPhoneSimulator = Release|iPhoneSimulator
		Release|x64 = Release|x64
		Release|x86 = Release|x86
	EndGlobalSection
	GlobalSection(ProjectConfigurationPlatforms) = postSolution
		{EBA40A08-B0FD-48A4-9D21-0C563F21DCA3}.Debug|Any CPU.ActiveCfg = Debug|x86
		{EBA40A08-B0FD-48A4-9D21-0C563F21DCA3}.Debug|Any CPU.Build.0 = Debug|x86
		{EBA40A08-B0FD-48A4-9D21-0C563F21DCA3}.Debug|Any CPU.Deploy.0 = Debug|x86
		{EBA40A08-B0FD-48A4-9D21-0C563F21DCA3}.Debug|ARM.ActiveCfg = Debug|ARM
		{EBA40A08-B0FD-48A4-9D21-0C563F21DCA3}.Debug|ARM.Build.0 = Debug|ARM
		{EBA40A08-B0FD-48A4-9D21-0C563F21DCA3}.Debug|ARM.Deploy.0 = Debug|ARM
		{EBA40A08-B0FD-48A4-9D21-0C563F21DCA3}.Debug|iPhone.ActiveCfg = Debug|x86
		{EBA40A08-B0FD-48A4-9D21-0C563F21DCA3}.Debug|iPhone.Build.0 = Debug|x86
		{EBA40A08-B0FD-48A4-9D21-0C563F21DCA3}.Debug|iPhone.Deploy.0 = Debug|x86
		{EBA40A08-B0FD-48A4-9D21-0C563F21DCA3}.Debug|iPhoneSimulator.ActiveCfg = Debug|x86
		{EBA40A08-B0FD-48A4-9D21-0C563F21DCA3}.Debug|iPhoneSimulator.Build.0 = Debug|x86
		{EBA40A08-B0FD-48A4-9D21-0C563F21DCA3}.Debug|iPhoneSimulator.Deploy.0 = Debug|x86
		{EBA40A08-B0FD-48A4-9D21-0C563F21DCA3}.Debug|x64.ActiveCfg = Debug|x64
		{EBA40A08-B0FD-48A4-9D21-0C563F21DCA3}.Debug|x64.Build.0 = Debug|x64
		{EBA40A08-B0FD-48A4-9D21-0C563F21DCA3}.Debug|x64.Deploy.0 = Debug|x64
		{EBA40A08-B0FD-48A4-9D21-0C563F21DCA3}.Debug|x86.ActiveCfg = Debug|x86
		{EBA40A08-B0FD-48A4-9D21-0C563F21DCA3}.Debug|x86.Build.0 = Debug|x86
		{EBA40A08-B0FD-48A4-9D21-0C563F21DCA3}.Debug|x86.Deploy.0 = Debug|x86
		{EBA40A08-B0FD-48A4-9D21-0C563F21DCA3}.Release|Any CPU.ActiveCfg = Release|x86
		{EBA40A08-B0FD-48A4-9D21-0C563F21DCA3}.Release|Any CPU.Build.0 = Release|x86
		{EBA40A08-B0FD-48A4-9D21-0C563F21DCA3}.Release|Any CPU.Deploy.0 = Release|x86
		{EBA40A08-B0FD-48A4-9D21-0C563F21DCA3}.Release|ARM.ActiveCfg = Release|ARM
		{EBA40A08-B0FD-48A4-9D21-0C563F21DCA3}.Release|ARM.Build.0 = Release|ARM
		{EBA40A08-B0FD-48A4-9D21-0C563F21DCA3}.Release|ARM.Deploy.0 = Release|ARM
		{EBA40A08-B0FD-48A4-9D21-0C563F21DCA3}.Release|iPhone.ActiveCfg = Release|x86
		{EBA40A08-B0FD-48A4-9D21-0C563F21DCA3}.Release|iPhone.Build.0 = Release|x86
		{EBA40A08-B0FD-48A4-9D21-0C563F21DCA3}.Release|iPhone.Deploy.0 = Release|x86
		{EBA40A08-B0FD-48A4-9D21-0C563F21DCA3}.Release|iPhoneSimulator.ActiveCfg = Release|x86
		{EBA40A08-B0FD-48A4-9D21-0C563F21DCA3}.Release|iPhoneSimulator.Build.0 = Release|x86
		{EBA40A08-B0FD-48A4-9D21-0C563F21DCA3}.Release|iPhoneSimulator.Deploy.0 = Release|x86
		{EBA40A08-B0FD-48A4-9D21-0C563F21DCA3}.Release|x64.ActiveCfg = Release|x64
		{EBA40A08-B0FD-48A4-9D21-0C563F21DCA3}.Release|x64.Build.0 = Release|x64
		{EBA40A08-B0FD-48A4-9D21-0C563F21DCA3}.Release|x64.Deploy.0 = Release|x64
		{EBA40A08-B0FD-48A4-9D21-0C563F21DCA3}.Release|x86.ActiveCfg = Release|x86
		{EBA40A08-B0FD-48A4-9D21-0C563F21DCA3}.Release|x86.Build.0 = Release|x86
		{EBA40A08-B0FD-48A4-9D21-0C563F21DCA3}.Release|x86.Deploy.0 = Release|x86
		{1E5048E8-86D9-4F52-95F9-1837AB14EDBF}.Debug|Any CPU.ActiveCfg = Debug|Any CPU
		{1E5048E8-86D9-4F52-95F9-1837AB14EDBF}.Debug|Any CPU.Build.0 = Debug|Any CPU
		{1E5048E8-86D9-4F52-95F9-1837AB14EDBF}.Debug|Any CPU.Deploy.0 = Debug|Any CPU
		{1E5048E8-86D9-4F52-95F9-1837AB14EDBF}.Debug|ARM.ActiveCfg = Debug|Any CPU
		{1E5048E8-86D9-4F52-95F9-1837AB14EDBF}.Debug|ARM.Build.0 = Debug|Any CPU
		{1E5048E8-86D9-4F52-95F9-1837AB14EDBF}.Debug|ARM.Deploy.0 = Debug|Any CPU
		{1E5048E8-86D9-4F52-95F9-1837AB14EDBF}.Debug|iPhone.ActiveCfg = Debug|Any CPU
		{1E5048E8-86D9-4F52-95F9-1837AB14EDBF}.Debug|iPhone.Build.0 = Debug|Any CPU
		{1E5048E8-86D9-4F52-95F9-1837AB14EDBF}.Debug|iPhone.Deploy.0 = Debug|Any CPU
		{1E5048E8-86D9-4F52-95F9-1837AB14EDBF}.Debug|iPhoneSimulator.ActiveCfg = Debug|Any CPU
		{1E5048E8-86D9-4F52-95F9-1837AB14EDBF}.Debug|iPhoneSimulator.Build.0 = Debug|Any CPU
		{1E5048E8-86D9-4F52-95F9-1837AB14EDBF}.Debug|iPhoneSimulator.Deploy.0 = Debug|Any CPU
		{1E5048E8-86D9-4F52-95F9-1837AB14EDBF}.Debug|x64.ActiveCfg = Debug|Any CPU
		{1E5048E8-86D9-4F52-95F9-1837AB14EDBF}.Debug|x64.Build.0 = Debug|Any CPU
		{1E5048E8-86D9-4F52-95F9-1837AB14EDBF}.Debug|x64.Deploy.0 = Debug|Any CPU
		{1E5048E8-86D9-4F52-95F9-1837AB14EDBF}.Debug|x86.ActiveCfg = Debug|Any CPU
		{1E5048E8-86D9-4F52-95F9-1837AB14EDBF}.Debug|x86.Build.0 = Debug|Any CPU
		{1E5048E8-86D9-4F52-95F9-1837AB14EDBF}.Debug|x86.Deploy.0 = Debug|Any CPU
		{1E5048E8-86D9-4F52-95F9-1837AB14EDBF}.Release|Any CPU.ActiveCfg = Release|Any CPU
		{1E5048E8-86D9-4F52-95F9-1837AB14EDBF}.Release|Any CPU.Build.0 = Release|Any CPU
		{1E5048E8-86D9-4F52-95F9-1837AB14EDBF}.Release|Any CPU.Deploy.0 = Release|Any CPU
		{1E5048E8-86D9-4F52-95F9-1837AB14EDBF}.Release|ARM.ActiveCfg = Release|Any CPU
		{1E5048E8-86D9-4F52-95F9-1837AB14EDBF}.Release|ARM.Build.0 = Release|Any CPU
		{1E5048E8-86D9-4F52-95F9-1837AB14EDBF}.Release|ARM.Deploy.0 = Release|Any CPU
		{1E5048E8-86D9-4F52-95F9-1837AB14EDBF}.Release|iPhone.ActiveCfg = Release|Any CPU
		{1E5048E8-86D9-4F52-95F9-1837AB14EDBF}.Release|iPhone.Build.0 = Release|Any CPU
		{1E5048E8-86D9-4F52-95F9-1837AB14EDBF}.Release|iPhone.Deploy.0 = Release|Any CPU
		{1E5048E8-86D9-4F52-95F9-1837AB14EDBF}.Release|iPhoneSimulator.ActiveCfg = Release|Any CPU
		{1E5048E8-86D9-4F52-95F9-1837AB14EDBF}.Release|iPhoneSimulator.Build.0 = Release|Any CPU
		{1E5048E8-86D9-4F52-95F9-1837AB14EDBF}.Release|iPhoneSimulator.Deploy.0 = Release|Any CPU
		{1E5048E8-86D9-4F52-95F9-1837AB14EDBF}.Release|x64.ActiveCfg = Release|Any CPU
		{1E5048E8-86D9-4F52-95F9-1837AB14EDBF}.Release|x64.Build.0 = Release|Any CPU
		{1E5048E8-86D9-4F52-95F9-1837AB14EDBF}.Release|x64.Deploy.0 = Release|Any CPU
		{1E5048E8-86D9-4F52-95F9-1837AB14EDBF}.Release|x86.ActiveCfg = Release|Any CPU
		{1E5048E8-86D9-4F52-95F9-1837AB14EDBF}.Release|x86.Build.0 = Release|Any CPU
		{1E5048E8-86D9-4F52-95F9-1837AB14EDBF}.Release|x86.Deploy.0 = Release|Any CPU
		{55673154-A464-4562-A722-7F16014B899A}.Debug|Any CPU.ActiveCfg = Debug|iPhone
		{55673154-A464-4562-A722-7F16014B899A}.Debug|Any CPU.Build.0 = Debug|iPhone
		{55673154-A464-4562-A722-7F16014B899A}.Debug|Any CPU.Deploy.0 = Debug|iPhone
		{55673154-A464-4562-A722-7F16014B899A}.Debug|ARM.ActiveCfg = Debug|iPhone
		{55673154-A464-4562-A722-7F16014B899A}.Debug|ARM.Build.0 = Debug|iPhone
		{55673154-A464-4562-A722-7F16014B899A}.Debug|ARM.Deploy.0 = Debug|iPhone
		{55673154-A464-4562-A722-7F16014B899A}.Debug|iPhone.ActiveCfg = Debug|iPhone
		{55673154-A464-4562-A722-7F16014B899A}.Debug|iPhone.Build.0 = Debug|iPhone
		{55673154-A464-4562-A722-7F16014B899A}.Debug|iPhone.Deploy.0 = Debug|iPhone
		{55673154-A464-4562-A722-7F16014B899A}.Debug|iPhoneSimulator.ActiveCfg = Debug|iPhoneSimulator
		{55673154-A464-4562-A722-7F16014B899A}.Debug|iPhoneSimulator.Build.0 = Debug|iPhoneSimulator
		{55673154-A464-4562-A722-7F16014B899A}.Debug|iPhoneSimulator.Deploy.0 = Debug|iPhoneSimulator
		{55673154-A464-4562-A722-7F16014B899A}.Debug|x64.ActiveCfg = Debug|iPhone
		{55673154-A464-4562-A722-7F16014B899A}.Debug|x64.Build.0 = Debug|iPhone
		{55673154-A464-4562-A722-7F16014B899A}.Debug|x64.Deploy.0 = Debug|iPhone
		{55673154-A464-4562-A722-7F16014B899A}.Debug|x86.ActiveCfg = Debug|iPhone
		{55673154-A464-4562-A722-7F16014B899A}.Debug|x86.Build.0 = Debug|iPhone
		{55673154-A464-4562-A722-7F16014B899A}.Debug|x86.Deploy.0 = Debug|iPhone
		{55673154-A464-4562-A722-7F16014B899A}.Release|Any CPU.ActiveCfg = Release|iPhone
		{55673154-A464-4562-A722-7F16014B899A}.Release|Any CPU.Build.0 = Release|iPhone
		{55673154-A464-4562-A722-7F16014B899A}.Release|Any CPU.Deploy.0 = Release|iPhone
		{55673154-A464-4562-A722-7F16014B899A}.Release|ARM.ActiveCfg = Release|iPhone
		{55673154-A464-4562-A722-7F16014B899A}.Release|ARM.Build.0 = Release|iPhone
		{55673154-A464-4562-A722-7F16014B899A}.Release|ARM.Deploy.0 = Release|iPhone
		{55673154-A464-4562-A722-7F16014B899A}.Release|iPhone.ActiveCfg = Release|iPhone
		{55673154-A464-4562-A722-7F16014B899A}.Release|iPhone.Build.0 = Release|iPhone
		{55673154-A464-4562-A722-7F16014B899A}.Release|iPhone.Deploy.0 = Release|iPhone
		{55673154-A464-4562-A722-7F16014B899A}.Release|iPhoneSimulator.ActiveCfg = Release|iPhoneSimulator
		{55673154-A464-4562-A722-7F16014B899A}.Release|iPhoneSimulator.Build.0 = Release|iPhoneSimulator
		{55673154-A464-4562-A722-7F16014B899A}.Release|iPhoneSimulator.Deploy.0 = Release|iPhoneSimulator
		{55673154-A464-4562-A722-7F16014B899A}.Release|x64.ActiveCfg = Release|iPhone
		{55673154-A464-4562-A722-7F16014B899A}.Release|x64.Build.0 = Release|iPhone
		{55673154-A464-4562-A722-7F16014B899A}.Release|x64.Deploy.0 = Release|iPhone
		{55673154-A464-4562-A722-7F16014B899A}.Release|x86.ActiveCfg = Release|iPhone
		{55673154-A464-4562-A722-7F16014B899A}.Release|x86.Build.0 = Release|iPhone
		{55673154-A464-4562-A722-7F16014B899A}.Release|x86.Deploy.0 = Release|iPhone
		{182A1C61-9611-4B22-9CB0-BA480C2D545E}.Debug|Any CPU.ActiveCfg = Debug|Any CPU
		{182A1C61-9611-4B22-9CB0-BA480C2D545E}.Debug|Any CPU.Build.0 = Debug|Any CPU
		{182A1C61-9611-4B22-9CB0-BA480C2D545E}.Debug|Any CPU.Deploy.0 = Debug|Any CPU
		{182A1C61-9611-4B22-9CB0-BA480C2D545E}.Debug|ARM.ActiveCfg = Debug|Any CPU
		{182A1C61-9611-4B22-9CB0-BA480C2D545E}.Debug|ARM.Build.0 = Debug|Any CPU
		{182A1C61-9611-4B22-9CB0-BA480C2D545E}.Debug|ARM.Deploy.0 = Debug|Any CPU
		{182A1C61-9611-4B22-9CB0-BA480C2D545E}.Debug|iPhone.ActiveCfg = Debug|Any CPU
		{182A1C61-9611-4B22-9CB0-BA480C2D545E}.Debug|iPhone.Build.0 = Debug|Any CPU
		{182A1C61-9611-4B22-9CB0-BA480C2D545E}.Debug|iPhone.Deploy.0 = Debug|Any CPU
		{182A1C61-9611-4B22-9CB0-BA480C2D545E}.Debug|iPhoneSimulator.ActiveCfg = Debug|Any CPU
		{182A1C61-9611-4B22-9CB0-BA480C2D545E}.Debug|iPhoneSimulator.Build.0 = Debug|Any CPU
		{182A1C61-9611-4B22-9CB0-BA480C2D545E}.Debug|iPhoneSimulator.Deploy.0 = Debug|Any CPU
		{182A1C61-9611-4B22-9CB0-BA480C2D545E}.Debug|x64.ActiveCfg = Debug|Any CPU
		{182A1C61-9611-4B22-9CB0-BA480C2D545E}.Debug|x64.Build.0 = Debug|Any CPU
		{182A1C61-9611-4B22-9CB0-BA480C2D545E}.Debug|x64.Deploy.0 = Debug|Any CPU
		{182A1C61-9611-4B22-9CB0-BA480C2D545E}.Debug|x86.ActiveCfg = Debug|Any CPU
		{182A1C61-9611-4B22-9CB0-BA480C2D545E}.Debug|x86.Build.0 = Debug|Any CPU
		{182A1C61-9611-4B22-9CB0-BA480C2D545E}.Debug|x86.Deploy.0 = Debug|Any CPU
		{182A1C61-9611-4B22-9CB0-BA480C2D545E}.Release|Any CPU.ActiveCfg = Release|Any CPU
		{182A1C61-9611-4B22-9CB0-BA480C2D545E}.Release|Any CPU.Build.0 = Release|Any CPU
		{182A1C61-9611-4B22-9CB0-BA480C2D545E}.Release|Any CPU.Deploy.0 = Release|Any CPU
		{182A1C61-9611-4B22-9CB0-BA480C2D545E}.Release|ARM.ActiveCfg = Release|Any CPU
		{182A1C61-9611-4B22-9CB0-BA480C2D545E}.Release|ARM.Build.0 = Release|Any CPU
		{182A1C61-9611-4B22-9CB0-BA480C2D545E}.Release|ARM.Deploy.0 = Release|Any CPU
		{182A1C61-9611-4B22-9CB0-BA480C2D545E}.Release|iPhone.ActiveCfg = Release|Any CPU
		{182A1C61-9611-4B22-9CB0-BA480C2D545E}.Release|iPhone.Build.0 = Release|Any CPU
		{182A1C61-9611-4B22-9CB0-BA480C2D545E}.Release|iPhone.Deploy.0 = Release|Any CPU
		{182A1C61-9611-4B22-9CB0-BA480C2D545E}.Release|iPhoneSimulator.ActiveCfg = Release|Any CPU
		{182A1C61-9611-4B22-9CB0-BA480C2D545E}.Release|iPhoneSimulator.Build.0 = Release|Any CPU
		{182A1C61-9611-4B22-9CB0-BA480C2D545E}.Release|iPhoneSimulator.Deploy.0 = Release|Any CPU
		{182A1C61-9611-4B22-9CB0-BA480C2D545E}.Release|x64.ActiveCfg = Release|Any CPU
		{182A1C61-9611-4B22-9CB0-BA480C2D545E}.Release|x64.Build.0 = Release|Any CPU
		{182A1C61-9611-4B22-9CB0-BA480C2D545E}.Release|x64.Deploy.0 = Release|Any CPU
		{182A1C61-9611-4B22-9CB0-BA480C2D545E}.Release|x86.ActiveCfg = Release|Any CPU
		{182A1C61-9611-4B22-9CB0-BA480C2D545E}.Release|x86.Build.0 = Release|Any CPU
		{182A1C61-9611-4B22-9CB0-BA480C2D545E}.Release|x86.Deploy.0 = Release|Any CPU
		{A2AB841D-2E55-42DE-AE1A-CC11670DBE0C}.Debug|Any CPU.ActiveCfg = Debug|Any CPU
		{A2AB841D-2E55-42DE-AE1A-CC11670DBE0C}.Debug|Any CPU.Build.0 = Debug|Any CPU
		{A2AB841D-2E55-42DE-AE1A-CC11670DBE0C}.Debug|ARM.ActiveCfg = Debug|Any CPU
		{A2AB841D-2E55-42DE-AE1A-CC11670DBE0C}.Debug|ARM.Build.0 = Debug|Any CPU
		{A2AB841D-2E55-42DE-AE1A-CC11670DBE0C}.Debug|iPhone.ActiveCfg = Debug|Any CPU
		{A2AB841D-2E55-42DE-AE1A-CC11670DBE0C}.Debug|iPhone.Build.0 = Debug|Any CPU
		{A2AB841D-2E55-42DE-AE1A-CC11670DBE0C}.Debug|iPhoneSimulator.ActiveCfg = Debug|Any CPU
		{A2AB841D-2E55-42DE-AE1A-CC11670DBE0C}.Debug|iPhoneSimulator.Build.0 = Debug|Any CPU
		{A2AB841D-2E55-42DE-AE1A-CC11670DBE0C}.Debug|x64.ActiveCfg = Debug|Any CPU
		{A2AB841D-2E55-42DE-AE1A-CC11670DBE0C}.Debug|x64.Build.0 = Debug|Any CPU
		{A2AB841D-2E55-42DE-AE1A-CC11670DBE0C}.Debug|x86.ActiveCfg = Debug|Any CPU
		{A2AB841D-2E55-42DE-AE1A-CC11670DBE0C}.Debug|x86.Build.0 = Debug|Any CPU
		{A2AB841D-2E55-42DE-AE1A-CC11670DBE0C}.Release|Any CPU.ActiveCfg = Release|Any CPU
		{A2AB841D-2E55-42DE-AE1A-CC11670DBE0C}.Release|Any CPU.Build.0 = Release|Any CPU
		{A2AB841D-2E55-42DE-AE1A-CC11670DBE0C}.Release|ARM.ActiveCfg = Release|Any CPU
		{A2AB841D-2E55-42DE-AE1A-CC11670DBE0C}.Release|ARM.Build.0 = Release|Any CPU
		{A2AB841D-2E55-42DE-AE1A-CC11670DBE0C}.Release|iPhone.ActiveCfg = Release|Any CPU
		{A2AB841D-2E55-42DE-AE1A-CC11670DBE0C}.Release|iPhone.Build.0 = Release|Any CPU
		{A2AB841D-2E55-42DE-AE1A-CC11670DBE0C}.Release|iPhoneSimulator.ActiveCfg = Release|Any CPU
		{A2AB841D-2E55-42DE-AE1A-CC11670DBE0C}.Release|iPhoneSimulator.Build.0 = Release|Any CPU
		{A2AB841D-2E55-42DE-AE1A-CC11670DBE0C}.Release|x64.ActiveCfg = Release|Any CPU
		{A2AB841D-2E55-42DE-AE1A-CC11670DBE0C}.Release|x64.Build.0 = Release|Any CPU
		{A2AB841D-2E55-42DE-AE1A-CC11670DBE0C}.Release|x86.ActiveCfg = Release|Any CPU
		{A2AB841D-2E55-42DE-AE1A-CC11670DBE0C}.Release|x86.Build.0 = Release|Any CPU
	EndGlobalSection
	GlobalSection(SolutionProperties) = preSolution
		HideSolutionNode = FALSE
	EndGlobalSection
	GlobalSection(ExtensibilityGlobals) = postSolution
		SolutionGuid = {D555A8D0-B4F9-4532-A6B5-3CDC571DF278}
	EndGlobalSection
EndGlobal
